
Microsoft Visual Studio Solution File, Format Version 12.00
# Visual Studio Version 16
VisualStudioVersion = 16.0.30413.136
MinimumVisualStudioVersion = 10.0.40219.1
Project("{FAE04EC0-301F-11D3-BF4B-00C04F79EFBC}") = "ListCongViec.Android", "ListCongViec\ListCongViec.Android\ListCongViec.Android.csproj", "{BD25FA20-9388-4BE3-AD43-E3394F690527}"
EndProject
Project("{FAE04EC0-301F-11D3-BF4B-00C04F79EFBC}") = "ListCongViec.iOS", "ListCongViec\ListCongViec.iOS\ListCongViec.iOS.csproj", "{B41E4BC8-2797-4BD3-82D7-21AF66DB2263}"
EndProject
Project("{9A19103F-16F7-4668-BE54-9A1E7A4F7556}") = "ListCongViec", "ListCongViec\ListCongViec\ListCongViec.csproj", "{06FA1139-AA00-4912-8881-25B9D4FB2A06}"
EndProject
Global
	GlobalSection(SolutionConfigurationPlatforms) = preSolution
		Debug|Any CPU = Debug|Any CPU
		Debug|iPhone = Debug|iPhone
		Debug|iPhoneSimulator = Debug|iPhoneSimulator
		Release|Any CPU = Release|Any CPU
		Release|iPhone = Release|iPhone
		Release|iPhoneSimulator = Release|iPhoneSimulator
	EndGlobalSection
	GlobalSection(ProjectConfigurationPlatforms) = postSolution
		{BD25FA20-9388-4BE3-AD43-E3394F690527}.Debug|Any CPU.ActiveCfg = Debug|Any CPU
		{BD25FA20-9388-4BE3-AD43-E3394F690527}.Debug|Any CPU.Build.0 = Debug|Any CPU
		{BD25FA20-9388-4BE3-AD43-E3394F690527}.Debug|Any CPU.Deploy.0 = Debug|Any CPU
		{BD25FA20-9388-4BE3-AD43-E3394F690527}.Debug|iPhone.ActiveCfg = Debug|Any CPU
		{BD25FA20-9388-4BE3-AD43-E3394F690527}.Debug|iPhone.Build.0 = Debug|Any CPU
		{BD25FA20-9388-4BE3-AD43-E3394F690527}.Debug|iPhone.Deploy.0 = Debug|Any CPU
		{BD25FA20-9388-4BE3-AD43-E3394F690527}.Debug|iPhoneSimulator.ActiveCfg = Debug|Any CPU
		{BD25FA20-9388-4BE3-AD43-E3394F690527}.Debug|iPhoneSimulator.Build.0 = Debug|Any CPU
		{BD25FA20-9388-4BE3-AD43-E3394F690527}.Debug|iPhoneSimulator.Deploy.0 = Debug|Any CPU
		{BD25FA20-9388-4BE3-AD43-E3394F690527}.Release|Any CPU.ActiveCfg = Release|Any CPU
		{BD25FA20-9388-4BE3-AD43-E3394F690527}.Release|Any CPU.Build.0 = Release|Any CPU
		{BD25FA20-9388-4BE3-AD43-E3394F690527}.Release|Any CPU.Deploy.0 = Release|Any CPU
		{BD25FA20-9388-4BE3-AD43-E3394F690527}.Release|iPhone.ActiveCfg = Release|Any CPU
		{BD25FA20-9388-4BE3-AD43-E3394F690527}.Release|iPhone.Build.0 = Release|Any CPU
		{BD25FA20-9388-4BE3-AD43-E3394F690527}.Release|iPhone.Deploy.0 = Release|Any CPU
		{BD25FA20-9388-4BE3-AD43-E3394F690527}.Release|iPhoneSimulator.ActiveCfg = Release|Any CPU
		{BD25FA20-9388-4BE3-AD43-E3394F690527}.Release|iPhoneSimulator.Build.0 = Release|Any CPU
		{BD25FA20-9388-4BE3-AD43-E3394F690527}.Release|iPhoneSimulator.Deploy.0 = Release|Any CPU
		{B41E4BC8-2797-4BD3-82D7-21AF66DB2263}.Debug|Any CPU.ActiveCfg = Debug|iPhoneSimulator
		{B41E4BC8-2797-4BD3-82D7-21AF66DB2263}.Debug|Any CPU.Build.0 = Debug|iPhoneSimulator
		{B41E4BC8-2797-4BD3-82D7-21AF66DB2263}.Debug|Any CPU.Deploy.0 = Debug|iPhoneSimulator
		{B41E4BC8-2797-4BD3-82D7-21AF66DB2263}.Debug|iPhone.ActiveCfg = Debug|iPhone
		{B41E4BC8-2797-4BD3-82D7-21AF66DB2263}.Debug|iPhone.Build.0 = Debug|iPhone
		{B41E4BC8-2797-4BD3-82D7-21AF66DB2263}.Debug|iPhone.Deploy.0 = Debug|iPhone
		{B41E4BC8-2797-4BD3-82D7-21AF66DB2263}.Debug|iPhoneSimulator.ActiveCfg = Debug|iPhoneSimulator
		{B41E4BC8-2797-4BD3-82D7-21AF66DB2263}.Debug|iPhoneSimulator.Build.0 = Debug|iPhoneSimulator
		{B41E4BC8-2797-4BD3-82D7-21AF66DB2263}.Debug|iPhoneSimulator.Deploy.0 = Debug|iPhoneSimulator
		{B41E4BC8-2797-4BD3-82D7-21AF66DB2263}.Release|Any CPU.ActiveCfg = Release|iPhone
		{B41E4BC8-2797-4BD3-82D7-21AF66DB2263}.Release|Any CPU.Build.0 = Release|iPhone
		{B41E4BC8-2797-4BD3-82D7-21AF66DB2263}.Release|Any CPU.Deploy.0 = Release|iPhone
		{B41E4BC8-2797-4BD3-82D7-21AF66DB2263}.Release|iPhone.ActiveCfg = Release|iPhone
		{B41E4BC8-2797-4BD3-82D7-21AF66DB2263}.Release|iPhone.Build.0 = Release|iPhone
		{B41E4BC8-2797-4BD3-82D7-21AF66DB2263}.Release|iPhone.Deploy.0 = Release|iPhone
		{B41E4BC8-2797-4BD3-82D7-21AF66DB2263}.Release|iPhoneSimulator.ActiveCfg = Release|iPhoneSimulator
		{B41E4BC8-2797-4BD3-82D7-21AF66DB2263}.Release|iPhoneSimulator.Build.0 = Release|iPhoneSimulator
		{B41E4BC8-2797-4BD3-82D7-21AF66DB2263}.Release|iPhoneSimulator.Deploy.0 = Release|iPhoneSimulator
		{06FA1139-AA00-4912-8881-25B9D4FB2A06}.Debug|Any CPU.ActiveCfg = Debug|Any CPU
		{06FA1139-AA00-4912-8881-25B9D4FB2A06}.Debug|Any CPU.Build.0 = Debug|Any CPU
		{06FA1139-AA00-4912-8881-25B9D4FB2A06}.Debug|Any CPU.Deploy.0 = Debug|Any CPU
		{06FA1139-AA00-4912-8881-25B9D4FB2A06}.Debug|iPhone.ActiveCfg = Debug|Any CPU
		{06FA1139-AA00-4912-8881-25B9D4FB2A06}.Debug|iPhone.Build.0 = Debug|Any CPU
		{06FA1139-AA00-4912-8881-25B9D4FB2A06}.Debug|iPhone.Deploy.0 = Debug|Any CPU
		{06FA1139-AA00-4912-8881-25B9D4FB2A06}.Debug|iPhoneSimulator.ActiveCfg = Debug|Any CPU
		{06FA1139-AA00-4912-8881-25B9D4FB2A06}.Debug|iPhoneSimulator.Build.0 = Debug|Any CPU
		{06FA1139-AA00-4912-8881-25B9D4FB2A06}.Debug|iPhoneSimulator.Deploy.0 = Debug|Any CPU
		{06FA1139-AA00-4912-8881-25B9D4FB2A06}.Release|Any CPU.ActiveCfg = Release|Any CPU
		{06FA1139-AA00-4912-8881-25B9D4FB2A06}.Release|Any CPU.Build.0 = Release|Any CPU
		{06FA1139-AA00-4912-8881-25B9D4FB2A06}.Release|Any CPU.Deploy.0 = Release|Any CPU
		{06FA1139-AA00-4912-8881-25B9D4FB2A06}.Release|iPhone.ActiveCfg = Release|Any CPU
		{06FA1139-AA00-4912-8881-25B9D4FB2A06}.Release|iPhone.Build.0 = Release|Any CPU
		{06FA1139-AA00-4912-8881-25B9D4FB2A06}.Release|iPhone.Deploy.0 = Release|Any CPU
		{06FA1139-AA00-4912-8881-25B9D4FB2A06}.Release|iPhoneSimulator.ActiveCfg = Release|Any CPU
		{06FA1139-AA00-4912-8881-25B9D4FB2A06}.Release|iPhoneSimulator.Build.0 = Release|Any CPU
		{06FA1139-AA00-4912-8881-25B9D4FB2A06}.Release|iPhoneSimulator.Deploy.0 = Release|Any CPU
	EndGlobalSection
	GlobalSection(SolutionProperties) = preSolution
		HideSolutionNode = FALSE
	EndGlobalSection
	GlobalSection(ExtensibilityGlobals) = postSolution
		SolutionGuid = {27166EEF-15F5-4E1E-AAFA-BE4D585FEDB0}
	EndGlobalSection
EndGlobal
